
Microsoft Visual Studio Solution File, Format Version 12.00
# Visual Studio Version 17
VisualStudioVersion = 17.0.31903.59
MinimumVisualStudioVersion = 10.0.40219.1
Project("{2150E333-8FDC-42A3-9474-1A3956D46DE8}") = "src", "src", "{827E0CD3-B72D-47B6-A68D-7590B98EB39B}"
EndProject
Project("{2150E333-8FDC-42A3-9474-1A3956D46DE8}") = "Server", "Server", "{E6B48023-E680-40DA-9E17-319585C26937}"
EndProject
Project("{FAE04EC0-301F-11D3-BF4B-00C04F79EFBC}") = "MiniShop.Api", "src\Server\MiniShop.Api\MiniShop.Api.csproj", "{C4523B11-2066-44E7-8750-F3F5F1A7FC23}"
EndProject
Project("{FAE04EC0-301F-11D3-BF4B-00C04F79EFBC}") = "MiniShop.Domain", "src\Server\MiniShop.Domain\MiniShop.Domain.csproj", "{2F8BE49F-6ADF-4CF8-9308-C63579CA272C}"
EndProject
Project("{FAE04EC0-301F-11D3-BF4B-00C04F79EFBC}") = "MiniShop.Application", "src\Server\MiniShop.Application\MiniShop.Application.csproj", "{F11797E3-A143-4389-8184-4555EC90CD6E}"
EndProject
Project("{FAE04EC0-301F-11D3-BF4B-00C04F79EFBC}") = "MiniShop.Infrastructure", "src\Server\MiniShop.Infrastructure\MiniShop.Infrastructure.csproj", "{896A4582-E268-4984-9D37-C7825B76642C}"
EndProject
Project("{2150E333-8FDC-42A3-9474-1A3956D46DE8}") = "tests", "tests", "{0AB3BF05-4346-4AA6-1389-037BE0695223}"
EndProject
Project("{FAE04EC0-301F-11D3-BF4B-00C04F79EFBC}") = "MiniShop.Application.Tests", "tests\MiniShop.Application.Tests\MiniShop.Application.Tests.csproj", "{E2C406CA-3605-45C8-A423-3E70162A6885}"
EndProject
Project("{FAE04EC0-301F-11D3-BF4B-00C04F79EFBC}") = "MiniShop.Api.IntegrationTests", "tests\MiniShop.Api.IntegrationTests\MiniShop.Api.IntegrationTests.csproj", "{F6F1F383-C6CF-4E24-A874-ECA84AC28A42}"
EndProject
Global
	GlobalSection(SolutionConfigurationPlatforms) = preSolution
		Debug|Any CPU = Debug|Any CPU
		Debug|x64 = Debug|x64
		Debug|x86 = Debug|x86
		Release|Any CPU = Release|Any CPU
		Release|x64 = Release|x64
		Release|x86 = Release|x86
	EndGlobalSection
	GlobalSection(ProjectConfigurationPlatforms) = postSolution
		{C4523B11-2066-44E7-8750-F3F5F1A7FC23}.Debug|Any CPU.ActiveCfg = Debug|Any CPU
		{C4523B11-2066-44E7-8750-F3F5F1A7FC23}.Debug|Any CPU.Build.0 = Debug|Any CPU
		{C4523B11-2066-44E7-8750-F3F5F1A7FC23}.Debug|x64.ActiveCfg = Debug|Any CPU
		{C4523B11-2066-44E7-8750-F3F5F1A7FC23}.Debug|x64.Build.0 = Debug|Any CPU
		{C4523B11-2066-44E7-8750-F3F5F1A7FC23}.Debug|x86.ActiveCfg = Debug|Any CPU
		{C4523B11-2066-44E7-8750-F3F5F1A7FC23}.Debug|x86.Build.0 = Debug|Any CPU
		{C4523B11-2066-44E7-8750-F3F5F1A7FC23}.Release|Any CPU.ActiveCfg = Release|Any CPU
		{C4523B11-2066-44E7-8750-F3F5F1A7FC23}.Release|Any CPU.Build.0 = Release|Any CPU
		{C4523B11-2066-44E7-8750-F3F5F1A7FC23}.Release|x64.ActiveCfg = Release|Any CPU
		{C4523B11-2066-44E7-8750-F3F5F1A7FC23}.Release|x64.Build.0 = Release|Any CPU
		{C4523B11-2066-44E7-8750-F3F5F1A7FC23}.Release|x86.ActiveCfg = Release|Any CPU
		{C4523B11-2066-44E7-8750-F3F5F1A7FC23}.Release|x86.Build.0 = Release|Any CPU
		{2F8BE49F-6ADF-4CF8-9308-C63579CA272C}.Debug|Any CPU.ActiveCfg = Debug|Any CPU
		{2F8BE49F-6ADF-4CF8-9308-C63579CA272C}.Debug|Any CPU.Build.0 = Debug|Any CPU
		{2F8BE49F-6ADF-4CF8-9308-C63579CA272C}.Debug|x64.ActiveCfg = Debug|Any CPU
		{2F8BE49F-6ADF-4CF8-9308-C63579CA272C}.Debug|x64.Build.0 = Debug|Any CPU
		{2F8BE49F-6ADF-4CF8-9308-C63579CA272C}.Debug|x86.ActiveCfg = Debug|Any CPU
		{2F8BE49F-6ADF-4CF8-9308-C63579CA272C}.Debug|x86.Build.0 = Debug|Any CPU
		{2F8BE49F-6ADF-4CF8-9308-C63579CA272C}.Release|Any CPU.ActiveCfg = Release|Any CPU
		{2F8BE49F-6ADF-4CF8-9308-C63579CA272C}.Release|Any CPU.Build.0 = Release|Any CPU
		{2F8BE49F-6ADF-4CF8-9308-C63579CA272C}.Release|x64.ActiveCfg = Release|Any CPU
		{2F8BE49F-6ADF-4CF8-9308-C63579CA272C}.Release|x64.Build.0 = Release|Any CPU
		{2F8BE49F-6ADF-4CF8-9308-C63579CA272C}.Release|x86.ActiveCfg = Release|Any CPU
		{2F8BE49F-6ADF-4CF8-9308-C63579CA272C}.Release|x86.Build.0 = Release|Any CPU
		{F11797E3-A143-4389-8184-4555EC90CD6E}.Debug|Any CPU.ActiveCfg = Debug|Any CPU
		{F11797E3-A143-4389-8184-4555EC90CD6E}.Debug|Any CPU.Build.0 = Debug|Any CPU
		{F11797E3-A143-4389-8184-4555EC90CD6E}.Debug|x64.ActiveCfg = Debug|Any CPU
		{F11797E3-A143-4389-8184-4555EC90CD6E}.Debug|x64.Build.0 = Debug|Any CPU
		{F11797E3-A143-4389-8184-4555EC90CD6E}.Debug|x86.ActiveCfg = Debug|Any CPU
		{F11797E3-A143-4389-8184-4555EC90CD6E}.Debug|x86.Build.0 = Debug|Any CPU
		{F11797E3-A143-4389-8184-4555EC90CD6E}.Release|Any CPU.ActiveCfg = Release|Any CPU
		{F11797E3-A143-4389-8184-4555EC90CD6E}.Release|Any CPU.Build.0 = Release|Any CPU
		{F11797E3-A143-4389-8184-4555EC90CD6E}.Release|x64.ActiveCfg = Release|Any CPU
		{F11797E3-A143-4389-8184-4555EC90CD6E}.Release|x64.Build.0 = Release|Any CPU
		{F11797E3-A143-4389-8184-4555EC90CD6E}.Release|x86.ActiveCfg = Release|Any CPU
		{F11797E3-A143-4389-8184-4555EC90CD6E}.Release|x86.Build.0 = Release|Any CPU
		{896A4582-E268-4984-9D37-C7825B76642C}.Debug|Any CPU.ActiveCfg = Debug|Any CPU
		{896A4582-E268-4984-9D37-C7825B76642C}.Debug|Any CPU.Build.0 = Debug|Any CPU
		{896A4582-E268-4984-9D37-C7825B76642C}.Debug|x64.ActiveCfg = Debug|Any CPU
		{896A4582-E268-4984-9D37-C7825B76642C}.Debug|x64.Build.0 = Debug|Any CPU
		{896A4582-E268-4984-9D37-C7825B76642C}.Debug|x86.ActiveCfg = Debug|Any CPU
		{896A4582-E268-4984-9D37-C7825B76642C}.Debug|x86.Build.0 = Debug|Any CPU
		{896A4582-E268-4984-9D37-C7825B76642C}.Release|Any CPU.ActiveCfg = Release|Any CPU
		{896A4582-E268-4984-9D37-C7825B76642C}.Release|Any CPU.Build.0 = Release|Any CPU
		{896A4582-E268-4984-9D37-C7825B76642C}.Release|x64.ActiveCfg = Release|Any CPU
		{896A4582-E268-4984-9D37-C7825B76642C}.Release|x64.Build.0 = Release|Any CPU
		{896A4582-E268-4984-9D37-C7825B76642C}.Release|x86.ActiveCfg = Release|Any CPU
		{896A4582-E268-4984-9D37-C7825B76642C}.Release|x86.Build.0 = Release|Any CPU
		{E2C406CA-3605-45C8-A423-3E70162A6885}.Debug|Any CPU.ActiveCfg = Debug|Any CPU
		{E2C406CA-3605-45C8-A423-3E70162A6885}.Debug|Any CPU.Build.0 = Debug|Any CPU
		{E2C406CA-3605-45C8-A423-3E70162A6885}.Debug|x64.ActiveCfg = Debug|Any CPU
		{E2C406CA-3605-45C8-A423-3E70162A6885}.Debug|x64.Build.0 = Debug|Any CPU
		{E2C406CA-3605-45C8-A423-3E70162A6885}.Debug|x86.ActiveCfg = Debug|Any CPU
		{E2C406CA-3605-45C8-A423-3E70162A6885}.Debug|x86.Build.0 = Debug|Any CPU
		{E2C406CA-3605-45C8-A423-3E70162A6885}.Release|Any CPU.ActiveCfg = Release|Any CPU
		{E2C406CA-3605-45C8-A423-3E70162A6885}.Release|Any CPU.Build.0 = Release|Any CPU
		{E2C406CA-3605-45C8-A423-3E70162A6885}.Release|x64.ActiveCfg = Release|Any CPU
		{E2C406CA-3605-45C8-A423-3E70162A6885}.Release|x64.Build.0 = Release|Any CPU
		{E2C406CA-3605-45C8-A423-3E70162A6885}.Release|x86.ActiveCfg = Release|Any CPU
		{E2C406CA-3605-45C8-A423-3E70162A6885}.Release|x86.Build.0 = Release|Any CPU
		{F6F1F383-C6CF-4E24-A874-ECA84AC28A42}.Debug|Any CPU.ActiveCfg = Debug|Any CPU
		{F6F1F383-C6CF-4E24-A874-ECA84AC28A42}.Debug|Any CPU.Build.0 = Debug|Any CPU
		{F6F1F383-C6CF-4E24-A874-ECA84AC28A42}.Debug|x64.ActiveCfg = Debug|Any CPU
		{F6F1F383-C6CF-4E24-A874-ECA84AC28A42}.Debug|x64.Build.0 = Debug|Any CPU
		{F6F1F383-C6CF-4E24-A874-ECA84AC28A42}.Debug|x86.ActiveCfg = Debug|Any CPU
		{F6F1F383-C6CF-4E24-A874-ECA84AC28A42}.Debug|x86.Build.0 = Debug|Any CPU
		{F6F1F383-C6CF-4E24-A874-ECA84AC28A42}.Release|Any CPU.ActiveCfg = Release|Any CPU
		{F6F1F383-C6CF-4E24-A874-ECA84AC28A42}.Release|Any CPU.Build.0 = Release|Any CPU
		{F6F1F383-C6CF-4E24-A874-ECA84AC28A42}.Release|x64.ActiveCfg = Release|Any CPU
		{F6F1F383-C6CF-4E24-A874-ECA84AC28A42}.Release|x64.Build.0 = Release|Any CPU
		{F6F1F383-C6CF-4E24-A874-ECA84AC28A42}.Release|x86.ActiveCfg = Release|Any CPU
		{F6F1F383-C6CF-4E24-A874-ECA84AC28A42}.Release|x86.Build.0 = Release|Any CPU
	EndGlobalSection
	GlobalSection(SolutionProperties) = preSolution
		HideSolutionNode = FALSE
	EndGlobalSection
	GlobalSection(NestedProjects) = preSolution
		{E6B48023-E680-40DA-9E17-319585C26937} = {827E0CD3-B72D-47B6-A68D-7590B98EB39B}
		{C4523B11-2066-44E7-8750-F3F5F1A7FC23} = {E6B48023-E680-40DA-9E17-319585C26937}
		{2F8BE49F-6ADF-4CF8-9308-C63579CA272C} = {E6B48023-E680-40DA-9E17-319585C26937}
		{F11797E3-A143-4389-8184-4555EC90CD6E} = {E6B48023-E680-40DA-9E17-319585C26937}
		{896A4582-E268-4984-9D37-C7825B76642C} = {E6B48023-E680-40DA-9E17-319585C26937}
		{E2C406CA-3605-45C8-A423-3E70162A6885} = {0AB3BF05-4346-4AA6-1389-037BE0695223}
		{F6F1F383-C6CF-4E24-A874-ECA84AC28A42} = {0AB3BF05-4346-4AA6-1389-037BE0695223}
	EndGlobalSection
EndGlobal
